{
  "name": "chart-image",
  "version": "0.0.16",
  "lockfileVersion": 1,
  "requires": true,
  "dependencies": {
    "chart.js-image": {
      "version": "6.1.3",
      "resolved": "https://registry.npmjs.org/chart.js-image/-/chart.js-image-6.1.3.tgz",
      "integrity": "sha512-K+h0dc/Wf/Dk5CWKrV7xxS7ozONCiQ73XL+QStBxUpgABzSblJwQe/R6X1RWxY2Z/G8OhKsPFB0HC7bwiCmB2w==",
      "requires": {
        "javascript-stringify": "2.0.1",
        "node-fetch": "2.6.0"
      }
    },
    "javascript-stringify": {
      "version": "2.0.1",
      "resolved": "https://registry.npmjs.org/javascript-stringify/-/javascript-stringify-2.0.1.tgz",
      "integrity": "sha512-yV+gqbd5vaOYjqlbk16EG89xB5udgjqQF3C5FAORDg4f/IS1Yc5ERCv5e/57yBcfJYw05V5JyIXabhwb75Xxow=="
    },
    "node-fetch": {
      "version": "2.6.0",
      "resolved": "https://registry.npmjs.org/node-fetch/-/node-fetch-2.6.0.tgz",
      "integrity": "sha512-8dG4H5ujfvFiqDmVu9fQ5bOHUC15JMjMY/Zumv26oOvvVJjM67KF8koCWIabKQ1GJIa9r2mMZscBq/TbdOcmNA=="
    }
  }
}
